// !$*UTF8*$!
{
	archiveVersion = 1;
	classes = {
	};
	objectVersion = 46;
	objects = {

/* Begin PBXBuildFile section */
		275E41A91B3F21D800F8F50E /* FDTwitchChannel.m in Sources */ = {isa = PBXBuildFile; fileRef = 275E41A01B3F21D800F8F50E /* FDTwitchChannel.m */; };
		275E41AA1B3F21D800F8F50E /* FDTwitchChannel.m in Sources */ = {isa = PBXBuildFile; fileRef = 275E41A01B3F21D800F8F50E /* FDTwitchChannel.m */; };
		275E41AB1B3F21D800F8F50E /* FDTwitchImageURLs.m in Sources */ = {isa = PBXBuildFile; fileRef = 275E41A21B3F21D800F8F50E /* FDTwitchImageURLs.m */; };
		275E41AC1B3F21D800F8F50E /* FDTwitchImageURLs.m in Sources */ = {isa = PBXBuildFile; fileRef = 275E41A21B3F21D800F8F50E /* FDTwitchImageURLs.m */; };
		275E41AD1B3F21D800F8F50E /* FDTwitchObjectTransformer.m in Sources */ = {isa = PBXBuildFile; fileRef = 275E41A41B3F21D800F8F50E /* FDTwitchObjectTransformer.m */; };
		275E41AE1B3F21D800F8F50E /* FDTwitchObjectTransformer.m in Sources */ = {isa = PBXBuildFile; fileRef = 275E41A41B3F21D800F8F50E /* FDTwitchObjectTransformer.m */; };
		275E41AF1B3F21D800F8F50E /* FDTwitchStream.m in Sources */ = {isa = PBXBuildFile; fileRef = 275E41A61B3F21D800F8F50E /* FDTwitchStream.m */; };
		275E41B01B3F21D800F8F50E /* FDTwitchStream.m in Sources */ = {isa = PBXBuildFile; fileRef = 275E41A61B3F21D800F8F50E /* FDTwitchStream.m */; };
		275E41B11B3F21D800F8F50E /* FDTwitchStreamSearchResults.m in Sources */ = {isa = PBXBuildFile; fileRef = 275E41A81B3F21D800F8F50E /* FDTwitchStreamSearchResults.m */; };
		275E41B21B3F21D800F8F50E /* FDTwitchStreamSearchResults.m in Sources */ = {isa = PBXBuildFile; fileRef = 275E41A81B3F21D800F8F50E /* FDTwitchStreamSearchResults.m */; };
		275E41CB1B3F390D00F8F50E /* FDFeedPage.m in Sources */ = {isa = PBXBuildFile; fileRef = 275E41CA1B3F390D00F8F50E /* FDFeedPage.m */; };
		275E41CC1B3F390D00F8F50E /* FDFeedPage.m in Sources */ = {isa = PBXBuildFile; fileRef = 275E41CA1B3F390D00F8F50E /* FDFeedPage.m */; };
		275E41CF1B3F39E600F8F50E /* FDFeedItem.m in Sources */ = {isa = PBXBuildFile; fileRef = 275E41CE1B3F39E600F8F50E /* FDFeedItem.m */; };
		275E41D01B3F39E600F8F50E /* FDFeedItem.m in Sources */ = {isa = PBXBuildFile; fileRef = 275E41CE1B3F39E600F8F50E /* FDFeedItem.m */; };
		275E41D31B3F3A1300F8F50E /* FDFeedPhoto.m in Sources */ = {isa = PBXBuildFile; fileRef = 275E41D21B3F3A1300F8F50E /* FDFeedPhoto.m */; };
		275E41D41B3F3A1300F8F50E /* FDFeedPhoto.m in Sources */ = {isa = PBXBuildFile; fileRef = 275E41D21B3F3A1300F8F50E /* FDFeedPhoto.m */; };
		275E41D71B3F3A1900F8F50E /* FDFeedLink.m in Sources */ = {isa = PBXBuildFile; fileRef = 275E41D61B3F3A1900F8F50E /* FDFeedLink.m */; };
		275E41D81B3F3A1900F8F50E /* FDFeedLink.m in Sources */ = {isa = PBXBuildFile; fileRef = 275E41D61B3F3A1900F8F50E /* FDFeedLink.m */; };
		275E41DB1B3F3A2000F8F50E /* FDFeedStatus.m in Sources */ = {isa = PBXBuildFile; fileRef = 275E41DA1B3F3A2000F8F50E /* FDFeedStatus.m */; };
		275E41DC1B3F3A2000F8F50E /* FDFeedStatus.m in Sources */ = {isa = PBXBuildFile; fileRef = 275E41DA1B3F3A2000F8F50E /* FDFeedStatus.m */; };
		275E41DF1B3F3A2A00F8F50E /* FDFeedAd.m in Sources */ = {isa = PBXBuildFile; fileRef = 275E41DE1B3F3A2A00F8F50E /* FDFeedAd.m */; };
		275E41E01B3F3A2A00F8F50E /* FDFeedAd.m in Sources */ = {isa = PBXBuildFile; fileRef = 275E41DE1B3F3A2A00F8F50E /* FDFeedAd.m */; };
		275E41E21B3F3DA400F8F50E /* feed.json in Resources */ = {isa = PBXBuildFile; fileRef = 275E41E11B3F3DA400F8F50E /* feed.json */; };
		275E41E31B3F3DA400F8F50E /* feed.json in Resources */ = {isa = PBXBuildFile; fileRef = 275E41E11B3F3DA400F8F50E /* feed.json */; };
		275E41E61B3F4C8300F8F50E /* FDFeedObjectTransformer.m in Sources */ = {isa = PBXBuildFile; fileRef = 275E41E51B3F4C8300F8F50E /* FDFeedObjectTransformer.m */; };
		275E41E71B3F4C8300F8F50E /* FDFeedObjectTransformer.m in Sources */ = {isa = PBXBuildFile; fileRef = 275E41E51B3F4C8300F8F50E /* FDFeedObjectTransformer.m */; };
		27ACFD051B1EC42D004B8142 /* FDObjectTransformer.framework in Frameworks */ = {isa = PBXBuildFile; fileRef = 27ACFCF91B1EC42D004B8142 /* FDObjectTransformer.framework */; };
		27ACFD251B1EC474004B8142 /* FDObjectTransformer.framework in Frameworks */ = {isa = PBXBuildFile; fileRef = 27ACFD1A1B1EC474004B8142 /* FDObjectTransformer.framework */; };
		27ACFD361B1EC9FC004B8142 /* FDObjectTransformer.h in Headers */ = {isa = PBXBuildFile; fileRef = 27ACFD341B1EC9FC004B8142 /* FDObjectTransformer.h */; settings = {ATTRIBUTES = (Public, ); }; };
		27ACFD371B1EC9FC004B8142 /* FDObjectTransformer.h in Headers */ = {isa = PBXBuildFile; fileRef = 27ACFD341B1EC9FC004B8142 /* FDObjectTransformer.h */; settings = {ATTRIBUTES = (Public, ); }; };
		27ACFD381B1EC9FC004B8142 /* FDObjectTransformer.m in Sources */ = {isa = PBXBuildFile; fileRef = 27ACFD351B1EC9FC004B8142 /* FDObjectTransformer.m */; };
		27ACFD391B1EC9FC004B8142 /* FDObjectTransformer.m in Sources */ = {isa = PBXBuildFile; fileRef = 27ACFD351B1EC9FC004B8142 /* FDObjectTransformer.m */; };
		27D00ECD1B228D4C000FCA05 /* FDColor+Creation.h in Headers */ = {isa = PBXBuildFile; fileRef = 27D00ECB1B228D4C000FCA05 /* FDColor+Creation.h */; settings = {ATTRIBUTES = (Public, ); }; };
		27D00ECE1B228D4C000FCA05 /* FDColor+Creation.m in Sources */ = {isa = PBXBuildFile; fileRef = 27D00ECC1B228D4C000FCA05 /* FDColor+Creation.m */; };
		27D00EE61B22A873000FCA05 /* FDColor+Creation.h in Headers */ = {isa = PBXBuildFile; fileRef = 27D00ECB1B228D4C000FCA05 /* FDColor+Creation.h */; settings = {ATTRIBUTES = (Public, ); }; };
		27D00EE71B22A878000FCA05 /* FDColor+Creation.m in Sources */ = {isa = PBXBuildFile; fileRef = 27D00ECC1B228D4C000FCA05 /* FDColor+Creation.m */; };
		27D00EEB1B22B2FA000FCA05 /* FDDeclaredProperty.h in Headers */ = {isa = PBXBuildFile; fileRef = 27D00EE91B22B2FA000FCA05 /* FDDeclaredProperty.h */; };
		27D00EEC1B22B2FA000FCA05 /* FDDeclaredProperty.m in Sources */ = {isa = PBXBuildFile; fileRef = 27D00EEA1B22B2FA000FCA05 /* FDDeclaredProperty.m */; };
		27D00EF11B22BFA6000FCA05 /* NSObject+DeclaredProperty.h in Headers */ = {isa = PBXBuildFile; fileRef = 27D00EEF1B22BFA6000FCA05 /* NSObject+DeclaredProperty.h */; settings = {ATTRIBUTES = (Public, ); }; };
		27D00EF21B22BFA6000FCA05 /* NSObject+DeclaredProperty.m in Sources */ = {isa = PBXBuildFile; fileRef = 27D00EF01B22BFA6000FCA05 /* NSObject+DeclaredProperty.m */; };
		27D00EF51B22C02A000FCA05 /* FDThreadSafeMutableDictionary.h in Headers */ = {isa = PBXBuildFile; fileRef = 27D00EF31B22C02A000FCA05 /* FDThreadSafeMutableDictionary.h */; };
		27D00EF61B22C02A000FCA05 /* FDThreadSafeMutableDictionary.m in Sources */ = {isa = PBXBuildFile; fileRef = 27D00EF41B22C02A000FCA05 /* FDThreadSafeMutableDictionary.m */; };
		27D00EFD1B23B18E000FCA05 /* FDThreadSafeMutableDictionary.h in Headers */ = {isa = PBXBuildFile; fileRef = 27D00EF31B22C02A000FCA05 /* FDThreadSafeMutableDictionary.h */; };
		27D00EFE1B23B193000FCA05 /* NSObject+DeclaredProperty.h in Headers */ = {isa = PBXBuildFile; fileRef = 27D00EEF1B22BFA6000FCA05 /* NSObject+DeclaredProperty.h */; settings = {ATTRIBUTES = (Public, ); }; };
		27D00EFF1B23B197000FCA05 /* FDDeclaredProperty.h in Headers */ = {isa = PBXBuildFile; fileRef = 27D00EE91B22B2FA000FCA05 /* FDDeclaredProperty.h */; };
		27D00F001B23B199000FCA05 /* FDDeclaredProperty.m in Sources */ = {isa = PBXBuildFile; fileRef = 27D00EEA1B22B2FA000FCA05 /* FDDeclaredProperty.m */; };
		27D00F101B23B476000FCA05 /* FDKeypath.h in Headers */ = {isa = PBXBuildFile; fileRef = 27D00F0F1B23B476000FCA05 /* FDKeypath.h */; };
		27D00F111B23B476000FCA05 /* FDKeypath.h in Headers */ = {isa = PBXBuildFile; fileRef = 27D00F0F1B23B476000FCA05 /* FDKeypath.h */; };
		27D00F341B250C48000FCA05 /* FDColorCreationTests.m in Sources */ = {isa = PBXBuildFile; fileRef = 27D00F291B250C48000FCA05 /* FDColorCreationTests.m */; };
		27D00F351B250C48000FCA05 /* FDColorCreationTests.m in Sources */ = {isa = PBXBuildFile; fileRef = 27D00F291B250C48000FCA05 /* FDColorCreationTests.m */; };
		27D00F361B250C48000FCA05 /* FDKeypathTests.m in Sources */ = {isa = PBXBuildFile; fileRef = 27D00F2A1B250C48000FCA05 /* FDKeypathTests.m */; };
		27D00F371B250C48000FCA05 /* FDKeypathTests.m in Sources */ = {isa = PBXBuildFile; fileRef = 27D00F2A1B250C48000FCA05 /* FDKeypathTests.m */; };
		27D00F381B250C48000FCA05 /* FDObjectTransformerTests.m in Sources */ = {isa = PBXBuildFile; fileRef = 27D00F2B1B250C48000FCA05 /* FDObjectTransformerTests.m */; };
		27D00F3A1B250C48000FCA05 /* FDDeclaredPropertyTestModel.m in Sources */ = {isa = PBXBuildFile; fileRef = 27D00F2E1B250C48000FCA05 /* FDDeclaredPropertyTestModel.m */; };
		27D00F3B1B250C48000FCA05 /* FDDeclaredPropertyTestModel.m in Sources */ = {isa = PBXBuildFile; fileRef = 27D00F2E1B250C48000FCA05 /* FDDeclaredPropertyTestModel.m */; };
		27D00F3C1B250C48000FCA05 /* FDDeclaredPropertyTestModelSubclass.m in Sources */ = {isa = PBXBuildFile; fileRef = 27D00F301B250C48000FCA05 /* FDDeclaredPropertyTestModelSubclass.m */; };
		27D00F3D1B250C48000FCA05 /* FDDeclaredPropertyTestModelSubclass.m in Sources */ = {isa = PBXBuildFile; fileRef = 27D00F301B250C48000FCA05 /* FDDeclaredPropertyTestModelSubclass.m */; };
		27D00F401B250C48000FCA05 /* FDRandomModel.m in Sources */ = {isa = PBXBuildFile; fileRef = 27D00F331B250C48000FCA05 /* FDRandomModel.m */; };
		27D00F411B250C48000FCA05 /* FDRandomModel.m in Sources */ = {isa = PBXBuildFile; fileRef = 27D00F331B250C48000FCA05 /* FDRandomModel.m */; };
		27D00F431B250CD4000FCA05 /* FDDeclaredPropertyTests.m in Sources */ = {isa = PBXBuildFile; fileRef = 27D00F421B250CD4000FCA05 /* FDDeclaredPropertyTests.m */; };
		27D00F441B250CD4000FCA05 /* FDDeclaredPropertyTests.m in Sources */ = {isa = PBXBuildFile; fileRef = 27D00F421B250CD4000FCA05 /* FDDeclaredPropertyTests.m */; };
		27D00F471B251412000FCA05 /* FDRandomJSONModel.m in Sources */ = {isa = PBXBuildFile; fileRef = 27D00F461B251412000FCA05 /* FDRandomJSONModel.m */; };
		27D00F481B251412000FCA05 /* FDRandomJSONModel.m in Sources */ = {isa = PBXBuildFile; fileRef = 27D00F461B251412000FCA05 /* FDRandomJSONModel.m */; };
		27D00F4B1B25142D000FCA05 /* random.json in Resources */ = {isa = PBXBuildFile; fileRef = 27D00F4A1B25142D000FCA05 /* random.json */; };
		27D00F4C1B25142D000FCA05 /* random.json in Resources */ = {isa = PBXBuildFile; fileRef = 27D00F4A1B25142D000FCA05 /* random.json */; };
		27E423081B353A8D00B15B5B /* FDObjectTransformerAdapter.h in Headers */ = {isa = PBXBuildFile; fileRef = 27F72E931B2D073A00C0D9CE /* FDObjectTransformerAdapter.h */; };
		27E4230C1B36020D00B15B5B /* FDEnumTransformer.h in Headers */ = {isa = PBXBuildFile; fileRef = 27E4230A1B36020D00B15B5B /* FDEnumTransformer.h */; settings = {ATTRIBUTES = (Public, ); }; };
		27E4230D1B36020D00B15B5B /* FDEnumTransformer.m in Sources */ = {isa = PBXBuildFile; fileRef = 27E4230B1B36020D00B15B5B /* FDEnumTransformer.m */; };
		27E4230E1B360C8200B15B5B /* FDEnumTransformer.h in Headers */ = {isa = PBXBuildFile; fileRef = 27E4230A1B36020D00B15B5B /* FDEnumTransformer.h */; settings = {ATTRIBUTES = (Public, ); }; };
		27E423231B36164F00B15B5B /* FDPlayer.h in Headers */ = {isa = PBXBuildFile; fileRef = 27E423211B36164F00B15B5B /* FDPlayer.h */; };
		27E423241B36164F00B15B5B /* FDPlayer.m in Sources */ = {isa = PBXBuildFile; fileRef = 27E423221B36164F00B15B5B /* FDPlayer.m */; };
		27E423271B36165E00B15B5B /* FDHockeyPlayer.h in Headers */ = {isa = PBXBuildFile; fileRef = 27E423251B36165E00B15B5B /* FDHockeyPlayer.h */; };
		27E423281B36165E00B15B5B /* FDHockeyPlayer.m in Sources */ = {isa = PBXBuildFile; fileRef = 27E423261B36165E00B15B5B /* FDHockeyPlayer.m */; };
		27E4232B1B36166A00B15B5B /* FDSoccerPlayer.h in Headers */ = {isa = PBXBuildFile; fileRef = 27E423291B36166A00B15B5B /* FDSoccerPlayer.h */; };
		27E4232C1B36166A00B15B5B /* FDSoccerPlayer.m in Sources */ = {isa = PBXBuildFile; fileRef = 27E4232A1B36166A00B15B5B /* FDSoccerPlayer.m */; };
		27F72E911B2CDF6800C0D9CE /* FDThreadSafeMutableDictionary.m in Sources */ = {isa = PBXBuildFile; fileRef = 27D00EF41B22C02A000FCA05 /* FDThreadSafeMutableDictionary.m */; };
		27F72E921B2CDF6E00C0D9CE /* NSObject+DeclaredProperty.m in Sources */ = {isa = PBXBuildFile; fileRef = 27D00EF01B22BFA6000FCA05 /* NSObject+DeclaredProperty.m */; };
		27F72E941B2D073A00C0D9CE /* FDObjectTransformerAdapter.h in Headers */ = {isa = PBXBuildFile; fileRef = 27F72E931B2D073A00C0D9CE /* FDObjectTransformerAdapter.h */; settings = {ATTRIBUTES = (Public, ); }; };
		27F72E971B2D228800C0D9CE /* FDURLComponentsTransformerAdapter.h in Headers */ = {isa = PBXBuildFile; fileRef = 27F72E951B2D228800C0D9CE /* FDURLComponentsTransformerAdapter.h */; };
		27F72E981B2D228800C0D9CE /* FDURLComponentsTransformerAdapter.m in Sources */ = {isa = PBXBuildFile; fileRef = 27F72E961B2D228800C0D9CE /* FDURLComponentsTransformerAdapter.m */; };
		27F72EAD1B2D30FA00C0D9CE /* twitch_stream_search_results.json in Resources */ = {isa = PBXBuildFile; fileRef = 27F72EAC1B2D30FA00C0D9CE /* twitch_stream_search_results.json */; };
		27F72EAE1B2D30FA00C0D9CE /* twitch_stream_search_results.json in Resources */ = {isa = PBXBuildFile; fileRef = 27F72EAC1B2D30FA00C0D9CE /* twitch_stream_search_results.json */; };
		27F72EC41B2D385000C0D9CE /* FDJSONObjectTransformerAdapter.h in Headers */ = {isa = PBXBuildFile; fileRef = 27F72EC01B2D37C900C0D9CE /* FDJSONObjectTransformerAdapter.h */; settings = {ATTRIBUTES = (Public, ); }; };
		27F72EC51B2D385000C0D9CE /* FDJSONObjectTransformerAdapter.h in Headers */ = {isa = PBXBuildFile; fileRef = 27F72EC01B2D37C900C0D9CE /* FDJSONObjectTransformerAdapter.h */; settings = {ATTRIBUTES = (Public, ); }; };
		27F72EC71B2D385600C0D9CE /* FDJSONObjectTransformerAdapter.m in Sources */ = {isa = PBXBuildFile; fileRef = 27F72EC11B2D37C900C0D9CE /* FDJSONObjectTransformerAdapter.m */; };
		27F72EC81B2D385700C0D9CE /* FDJSONObjectTransformerAdapter.m in Sources */ = {isa = PBXBuildFile; fileRef = 27F72EC11B2D37C900C0D9CE /* FDJSONObjectTransformerAdapter.m */; };
		27F72ED11B3514D700C0D9CE /* FDValueTransformer.h in Headers */ = {isa = PBXBuildFile; fileRef = 27F72ECF1B3514D700C0D9CE /* FDValueTransformer.h */; };
		27F72ED21B3514D700C0D9CE /* FDValueTransformer.h in Headers */ = {isa = PBXBuildFile; fileRef = 27F72ECF1B3514D700C0D9CE /* FDValueTransformer.h */; };
		27F72ED31B3514D700C0D9CE /* FDValueTransformer.m in Sources */ = {isa = PBXBuildFile; fileRef = 27F72ED01B3514D700C0D9CE /* FDValueTransformer.m */; };
		27F72ED41B3514D700C0D9CE /* FDValueTransformer.m in Sources */ = {isa = PBXBuildFile; fileRef = 27F72ED01B3514D700C0D9CE /* FDValueTransformer.m */; };
		27F72EDF1B35222600C0D9CE /* FDJSONObject.h in Headers */ = {isa = PBXBuildFile; fileRef = 27F72EDD1B35222600C0D9CE /* FDJSONObject.h */; };
		27F72EE01B35222600C0D9CE /* FDJSONObject.h in Headers */ = {isa = PBXBuildFile; fileRef = 27F72EDD1B35222600C0D9CE /* FDJSONObject.h */; };
		27F72EE11B35222600C0D9CE /* FDJSONObject.m in Sources */ = {isa = PBXBuildFile; fileRef = 27F72EDE1B35222600C0D9CE /* FDJSONObject.m */; };
		27F72EE21B35222600C0D9CE /* FDJSONObject.m in Sources */ = {isa = PBXBuildFile; fileRef = 27F72EDE1B35222600C0D9CE /* FDJSONObject.m */; };
		27F72EE51B35357900C0D9CE /* FDDictionaryObjectTransformerAdapter.h in Headers */ = {isa = PBXBuildFile; fileRef = 27F72EE31B35357900C0D9CE /* FDDictionaryObjectTransformerAdapter.h */; settings = {ATTRIBUTES = (Public, ); }; };
		27F72EE61B35357900C0D9CE /* FDDictionaryObjectTransformerAdapter.h in Headers */ = {isa = PBXBuildFile; fileRef = 27F72EE31B35357900C0D9CE /* FDDictionaryObjectTransformerAdapter.h */; settings = {ATTRIBUTES = (Public, ); }; };
		27F72EE71B35357900C0D9CE /* FDDictionaryObjectTransformerAdapter.m in Sources */ = {isa = PBXBuildFile; fileRef = 27F72EE41B35357900C0D9CE /* FDDictionaryObjectTransformerAdapter.m */; };
		27F72EE81B35357900C0D9CE /* FDDictionaryObjectTransformerAdapter.m in Sources */ = {isa = PBXBuildFile; fileRef = 27F72EE41B35357900C0D9CE /* FDDictionaryObjectTransformerAdapter.m */; };
/* End PBXBuildFile section */

/* Begin PBXContainerItemProxy section */
		27ACFD061B1EC42D004B8142 /* PBXContainerItemProxy */ = {
			isa = PBXContainerItemProxy;
			containerPortal = 27ACFCF01B1EC42D004B8142 /* Project object */;
			proxyType = 1;
			remoteGlobalIDString = 27ACFCF81B1EC42D004B8142;
			remoteInfo = FDObjectTransformer;
		};
		27ACFD261B1EC474004B8142 /* PBXContainerItemProxy */ = {
			isa = PBXContainerItemProxy;
			containerPortal = 27ACFCF01B1EC42D004B8142 /* Project object */;
			proxyType = 1;
			remoteGlobalIDString = 27ACFD191B1EC474004B8142;
			remoteInfo = FDObjectTransformer;
		};
/* End PBXContainerItemProxy section */

/* Begin PBXFileReference section */
		275E419F1B3F21D800F8F50E /* FDTwitchChannel.h */ = {isa = PBXFileReference; fileEncoding = 4; lastKnownFileType = sourcecode.c.h; path = FDTwitchChannel.h; sourceTree = "<group>"; };
		275E41A01B3F21D800F8F50E /* FDTwitchChannel.m */ = {isa = PBXFileReference; fileEncoding = 4; lastKnownFileType = sourcecode.c.objc; path = FDTwitchChannel.m; sourceTree = "<group>"; };
		275E41A11B3F21D800F8F50E /* FDTwitchImageURLs.h */ = {isa = PBXFileReference; fileEncoding = 4; lastKnownFileType = sourcecode.c.h; path = FDTwitchImageURLs.h; sourceTree = "<group>"; };
		275E41A21B3F21D800F8F50E /* FDTwitchImageURLs.m */ = {isa = PBXFileReference; fileEncoding = 4; lastKnownFileType = sourcecode.c.objc; path = FDTwitchImageURLs.m; sourceTree = "<group>"; };
		275E41A31B3F21D800F8F50E /* FDTwitchObjectTransformer.h */ = {isa = PBXFileReference; fileEncoding = 4; lastKnownFileType = sourcecode.c.h; path = FDTwitchObjectTransformer.h; sourceTree = "<group>"; };
		275E41A41B3F21D800F8F50E /* FDTwitchObjectTransformer.m */ = {isa = PBXFileReference; fileEncoding = 4; lastKnownFileType = sourcecode.c.objc; path = FDTwitchObjectTransformer.m; sourceTree = "<group>"; };
		275E41A51B3F21D800F8F50E /* FDTwitchStream.h */ = {isa = PBXFileReference; fileEncoding = 4; lastKnownFileType = sourcecode.c.h; path = FDTwitchStream.h; sourceTree = "<group>"; };
		275E41A61B3F21D800F8F50E /* FDTwitchStream.m */ = {isa = PBXFileReference; fileEncoding = 4; lastKnownFileType = sourcecode.c.objc; path = FDTwitchStream.m; sourceTree = "<group>"; };
		275E41A71B3F21D800F8F50E /* FDTwitchStreamSearchResults.h */ = {isa = PBXFileReference; fileEncoding = 4; lastKnownFileType = sourcecode.c.h; path = FDTwitchStreamSearchResults.h; sourceTree = "<group>"; };
		275E41A81B3F21D800F8F50E /* FDTwitchStreamSearchResults.m */ = {isa = PBXFileReference; fileEncoding = 4; lastKnownFileType = sourcecode.c.objc; path = FDTwitchStreamSearchResults.m; sourceTree = "<group>"; };
		275E41C91B3F390D00F8F50E /* FDFeedPage.h */ = {isa = PBXFileReference; fileEncoding = 4; lastKnownFileType = sourcecode.c.h; path = FDFeedPage.h; sourceTree = "<group>"; };
		275E41CA1B3F390D00F8F50E /* FDFeedPage.m */ = {isa = PBXFileReference; fileEncoding = 4; lastKnownFileType = sourcecode.c.objc; path = FDFeedPage.m; sourceTree = "<group>"; };
		275E41CD1B3F39E600F8F50E /* FDFeedItem.h */ = {isa = PBXFileReference; fileEncoding = 4; lastKnownFileType = sourcecode.c.h; path = FDFeedItem.h; sourceTree = "<group>"; };
		275E41CE1B3F39E600F8F50E /* FDFeedItem.m */ = {isa = PBXFileReference; fileEncoding = 4; lastKnownFileType = sourcecode.c.objc; path = FDFeedItem.m; sourceTree = "<group>"; };
		275E41D11B3F3A1300F8F50E /* FDFeedPhoto.h */ = {isa = PBXFileReference; fileEncoding = 4; lastKnownFileType = sourcecode.c.h; path = FDFeedPhoto.h; sourceTree = "<group>"; };
		275E41D21B3F3A1300F8F50E /* FDFeedPhoto.m */ = {isa = PBXFileReference; fileEncoding = 4; lastKnownFileType = sourcecode.c.objc; path = FDFeedPhoto.m; sourceTree = "<group>"; };
		275E41D51B3F3A1900F8F50E /* FDFeedLink.h */ = {isa = PBXFileReference; fileEncoding = 4; lastKnownFileType = sourcecode.c.h; path = FDFeedLink.h; sourceTree = "<group>"; };
		275E41D61B3F3A1900F8F50E /* FDFeedLink.m */ = {isa = PBXFileReference; fileEncoding = 4; lastKnownFileType = sourcecode.c.objc; path = FDFeedLink.m; sourceTree = "<group>"; };
		275E41D91B3F3A2000F8F50E /* FDFeedStatus.h */ = {isa = PBXFileReference; fileEncoding = 4; lastKnownFileType = sourcecode.c.h; path = FDFeedStatus.h; sourceTree = "<group>"; };
		275E41DA1B3F3A2000F8F50E /* FDFeedStatus.m */ = {isa = PBXFileReference; fileEncoding = 4; lastKnownFileType = sourcecode.c.objc; path = FDFeedStatus.m; sourceTree = "<group>"; };
		275E41DD1B3F3A2A00F8F50E /* FDFeedAd.h */ = {isa = PBXFileReference; fileEncoding = 4; lastKnownFileType = sourcecode.c.h; path = FDFeedAd.h; sourceTree = "<group>"; };
		275E41DE1B3F3A2A00F8F50E /* FDFeedAd.m */ = {isa = PBXFileReference; fileEncoding = 4; lastKnownFileType = sourcecode.c.objc; path = FDFeedAd.m; sourceTree = "<group>"; };
		275E41E11B3F3DA400F8F50E /* feed.json */ = {isa = PBXFileReference; fileEncoding = 4; lastKnownFileType = text.json; path = feed.json; sourceTree = "<group>"; };
		275E41E41B3F4C8300F8F50E /* FDFeedObjectTransformer.h */ = {isa = PBXFileReference; fileEncoding = 4; lastKnownFileType = sourcecode.c.h; path = FDFeedObjectTransformer.h; sourceTree = "<group>"; };
		275E41E51B3F4C8300F8F50E /* FDFeedObjectTransformer.m */ = {isa = PBXFileReference; fileEncoding = 4; lastKnownFileType = sourcecode.c.objc; path = FDFeedObjectTransformer.m; sourceTree = "<group>"; };
		27ACFCF91B1EC42D004B8142 /* FDObjectTransformer.framework */ = {isa = PBXFileReference; explicitFileType = wrapper.framework; includeInIndex = 0; path = FDObjectTransformer.framework; sourceTree = BUILT_PRODUCTS_DIR; };
		27ACFD041B1EC42D004B8142 /* FDObjectTransformer iOS Tests.xctest */ = {isa = PBXFileReference; explicitFileType = wrapper.cfbundle; includeInIndex = 0; path = "FDObjectTransformer iOS Tests.xctest"; sourceTree = BUILT_PRODUCTS_DIR; };
		27ACFD0A1B1EC42D004B8142 /* Info.plist */ = {isa = PBXFileReference; lastKnownFileType = text.plist.xml; path = Info.plist; sourceTree = "<group>"; };
		27ACFD1A1B1EC474004B8142 /* FDObjectTransformer.framework */ = {isa = PBXFileReference; explicitFileType = wrapper.framework; includeInIndex = 0; path = FDObjectTransformer.framework; sourceTree = BUILT_PRODUCTS_DIR; };
		27ACFD241B1EC474004B8142 /* FDObjectTransformer OS X Tests.xctest */ = {isa = PBXFileReference; explicitFileType = wrapper.cfbundle; includeInIndex = 0; path = "FDObjectTransformer OS X Tests.xctest"; sourceTree = BUILT_PRODUCTS_DIR; };
		27ACFD341B1EC9FC004B8142 /* FDObjectTransformer.h */ = {isa = PBXFileReference; fileEncoding = 4; lastKnownFileType = sourcecode.c.h; path = FDObjectTransformer.h; sourceTree = "<group>"; };
		27ACFD351B1EC9FC004B8142 /* FDObjectTransformer.m */ = {isa = PBXFileReference; fileEncoding = 4; lastKnownFileType = sourcecode.c.objc; path = FDObjectTransformer.m; sourceTree = "<group>"; };
		27ACFD3B1B1ECA0A004B8142 /* Info.plist */ = {isa = PBXFileReference; fileEncoding = 4; lastKnownFileType = text.plist.xml; path = Info.plist; sourceTree = "<group>"; };
		27ACFD3F1B1ECA17004B8142 /* Info.plist */ = {isa = PBXFileReference; fileEncoding = 4; lastKnownFileType = text.plist.xml; path = Info.plist; sourceTree = "<group>"; };
		27D00ECB1B228D4C000FCA05 /* FDColor+Creation.h */ = {isa = PBXFileReference; fileEncoding = 4; lastKnownFileType = sourcecode.c.h; path = "FDColor+Creation.h"; sourceTree = "<group>"; };
		27D00ECC1B228D4C000FCA05 /* FDColor+Creation.m */ = {isa = PBXFileReference; fileEncoding = 4; lastKnownFileType = sourcecode.c.objc; path = "FDColor+Creation.m"; sourceTree = "<group>"; };
		27D00EE91B22B2FA000FCA05 /* FDDeclaredProperty.h */ = {isa = PBXFileReference; fileEncoding = 4; lastKnownFileType = sourcecode.c.h; path = FDDeclaredProperty.h; sourceTree = "<group>"; };
		27D00EEA1B22B2FA000FCA05 /* FDDeclaredProperty.m */ = {isa = PBXFileReference; fileEncoding = 4; lastKnownFileType = sourcecode.c.objc; path = FDDeclaredProperty.m; sourceTree = "<group>"; };
		27D00EEF1B22BFA6000FCA05 /* NSObject+DeclaredProperty.h */ = {isa = PBXFileReference; fileEncoding = 4; lastKnownFileType = sourcecode.c.h; path = "NSObject+DeclaredProperty.h"; sourceTree = "<group>"; };
		27D00EF01B22BFA6000FCA05 /* NSObject+DeclaredProperty.m */ = {isa = PBXFileReference; fileEncoding = 4; lastKnownFileType = sourcecode.c.objc; path = "NSObject+DeclaredProperty.m"; sourceTree = "<group>"; };
		27D00EF31B22C02A000FCA05 /* FDThreadSafeMutableDictionary.h */ = {isa = PBXFileReference; fileEncoding = 4; lastKnownFileType = sourcecode.c.h; path = FDThreadSafeMutableDictionary.h; sourceTree = "<group>"; };
		27D00EF41B22C02A000FCA05 /* FDThreadSafeMutableDictionary.m */ = {isa = PBXFileReference; fileEncoding = 4; lastKnownFileType = sourcecode.c.objc; path = FDThreadSafeMutableDictionary.m; sourceTree = "<group>"; };
		27D00F0F1B23B476000FCA05 /* FDKeypath.h */ = {isa = PBXFileReference; fileEncoding = 4; lastKnownFileType = sourcecode.c.h; path = FDKeypath.h; sourceTree = "<group>"; };
		27D00F291B250C48000FCA05 /* FDColorCreationTests.m */ = {isa = PBXFileReference; fileEncoding = 4; lastKnownFileType = sourcecode.c.objc; path = FDColorCreationTests.m; sourceTree = "<group>"; };
		27D00F2A1B250C48000FCA05 /* FDKeypathTests.m */ = {isa = PBXFileReference; fileEncoding = 4; lastKnownFileType = sourcecode.c.objc; path = FDKeypathTests.m; sourceTree = "<group>"; };
		27D00F2B1B250C48000FCA05 /* FDObjectTransformerTests.m */ = {isa = PBXFileReference; fileEncoding = 4; lastKnownFileType = sourcecode.c.objc; path = FDObjectTransformerTests.m; sourceTree = "<group>"; };
		27D00F2D1B250C48000FCA05 /* FDDeclaredPropertyTestModel.h */ = {isa = PBXFileReference; fileEncoding = 4; lastKnownFileType = sourcecode.c.h; path = FDDeclaredPropertyTestModel.h; sourceTree = "<group>"; };
		27D00F2E1B250C48000FCA05 /* FDDeclaredPropertyTestModel.m */ = {isa = PBXFileReference; fileEncoding = 4; lastKnownFileType = sourcecode.c.objc; path = FDDeclaredPropertyTestModel.m; sourceTree = "<group>"; };
		27D00F2F1B250C48000FCA05 /* FDDeclaredPropertyTestModelSubclass.h */ = {isa = PBXFileReference; fileEncoding = 4; lastKnownFileType = sourcecode.c.h; path = FDDeclaredPropertyTestModelSubclass.h; sourceTree = "<group>"; };
		27D00F301B250C48000FCA05 /* FDDeclaredPropertyTestModelSubclass.m */ = {isa = PBXFileReference; fileEncoding = 4; lastKnownFileType = sourcecode.c.objc; path = FDDeclaredPropertyTestModelSubclass.m; sourceTree = "<group>"; };
		27D00F321B250C48000FCA05 /* FDRandomModel.h */ = {isa = PBXFileReference; fileEncoding = 4; lastKnownFileType = sourcecode.c.h; path = FDRandomModel.h; sourceTree = "<group>"; };
		27D00F331B250C48000FCA05 /* FDRandomModel.m */ = {isa = PBXFileReference; fileEncoding = 4; lastKnownFileType = sourcecode.c.objc; path = FDRandomModel.m; sourceTree = "<group>"; };
		27D00F421B250CD4000FCA05 /* FDDeclaredPropertyTests.m */ = {isa = PBXFileReference; fileEncoding = 4; lastKnownFileType = sourcecode.c.objc; path = FDDeclaredPropertyTests.m; sourceTree = "<group>"; };
		27D00F451B251412000FCA05 /* FDRandomJSONModel.h */ = {isa = PBXFileReference; fileEncoding = 4; lastKnownFileType = sourcecode.c.h; path = FDRandomJSONModel.h; sourceTree = "<group>"; };
		27D00F461B251412000FCA05 /* FDRandomJSONModel.m */ = {isa = PBXFileReference; fileEncoding = 4; lastKnownFileType = sourcecode.c.objc; path = FDRandomJSONModel.m; sourceTree = "<group>"; };
		27D00F4A1B25142D000FCA05 /* random.json */ = {isa = PBXFileReference; fileEncoding = 4; lastKnownFileType = text.json; path = random.json; sourceTree = "<group>"; };
		27E4230A1B36020D00B15B5B /* FDEnumTransformer.h */ = {isa = PBXFileReference; fileEncoding = 4; lastKnownFileType = sourcecode.c.h; path = FDEnumTransformer.h; sourceTree = "<group>"; };
		27E4230B1B36020D00B15B5B /* FDEnumTransformer.m */ = {isa = PBXFileReference; fileEncoding = 4; lastKnownFileType = sourcecode.c.objc; path = FDEnumTransformer.m; sourceTree = "<group>"; };
		27E423211B36164F00B15B5B /* FDPlayer.h */ = {isa = PBXFileReference; fileEncoding = 4; lastKnownFileType = sourcecode.c.h; path = FDPlayer.h; sourceTree = "<group>"; };
		27E423221B36164F00B15B5B /* FDPlayer.m */ = {isa = PBXFileReference; fileEncoding = 4; lastKnownFileType = sourcecode.c.objc; path = FDPlayer.m; sourceTree = "<group>"; };
		27E423251B36165E00B15B5B /* FDHockeyPlayer.h */ = {isa = PBXFileReference; fileEncoding = 4; lastKnownFileType = sourcecode.c.h; path = FDHockeyPlayer.h; sourceTree = "<group>"; };
		27E423261B36165E00B15B5B /* FDHockeyPlayer.m */ = {isa = PBXFileReference; fileEncoding = 4; lastKnownFileType = sourcecode.c.objc; path = FDHockeyPlayer.m; sourceTree = "<group>"; };
		27E423291B36166A00B15B5B /* FDSoccerPlayer.h */ = {isa = PBXFileReference; fileEncoding = 4; lastKnownFileType = sourcecode.c.h; path = FDSoccerPlayer.h; sourceTree = "<group>"; };
		27E4232A1B36166A00B15B5B /* FDSoccerPlayer.m */ = {isa = PBXFileReference; fileEncoding = 4; lastKnownFileType = sourcecode.c.objc; path = FDSoccerPlayer.m; sourceTree = "<group>"; };
		27F72E931B2D073A00C0D9CE /* FDObjectTransformerAdapter.h */ = {isa = PBXFileReference; fileEncoding = 4; lastKnownFileType = sourcecode.c.h; path = FDObjectTransformerAdapter.h; sourceTree = "<group>"; };
		27F72E951B2D228800C0D9CE /* FDURLComponentsTransformerAdapter.h */ = {isa = PBXFileReference; fileEncoding = 4; lastKnownFileType = sourcecode.c.h; path = FDURLComponentsTransformerAdapter.h; sourceTree = "<group>"; };
		27F72E961B2D228800C0D9CE /* FDURLComponentsTransformerAdapter.m */ = {isa = PBXFileReference; fileEncoding = 4; lastKnownFileType = sourcecode.c.objc; path = FDURLComponentsTransformerAdapter.m; sourceTree = "<group>"; };
		27F72EAC1B2D30FA00C0D9CE /* twitch_stream_search_results.json */ = {isa = PBXFileReference; fileEncoding = 4; lastKnownFileType = text.json; path = twitch_stream_search_results.json; sourceTree = "<group>"; };
		27F72EC01B2D37C900C0D9CE /* FDJSONObjectTransformerAdapter.h */ = {isa = PBXFileReference; fileEncoding = 4; lastKnownFileType = sourcecode.c.h; path = FDJSONObjectTransformerAdapter.h; sourceTree = "<group>"; };
		27F72EC11B2D37C900C0D9CE /* FDJSONObjectTransformerAdapter.m */ = {isa = PBXFileReference; fileEncoding = 4; lastKnownFileType = sourcecode.c.objc; path = FDJSONObjectTransformerAdapter.m; sourceTree = "<group>"; };
		27F72ECF1B3514D700C0D9CE /* FDValueTransformer.h */ = {isa = PBXFileReference; fileEncoding = 4; lastKnownFileType = sourcecode.c.h; path = FDValueTransformer.h; sourceTree = "<group>"; };
		27F72ED01B3514D700C0D9CE /* FDValueTransformer.m */ = {isa = PBXFileReference; fileEncoding = 4; lastKnownFileType = sourcecode.c.objc; path = FDValueTransformer.m; sourceTree = "<group>"; };
		27F72EDD1B35222600C0D9CE /* FDJSONObject.h */ = {isa = PBXFileReference; fileEncoding = 4; lastKnownFileType = sourcecode.c.h; path = FDJSONObject.h; sourceTree = "<group>"; };
		27F72EDE1B35222600C0D9CE /* FDJSONObject.m */ = {isa = PBXFileReference; fileEncoding = 4; lastKnownFileType = sourcecode.c.objc; path = FDJSONObject.m; sourceTree = "<group>"; };
		27F72EE31B35357900C0D9CE /* FDDictionaryObjectTransformerAdapter.h */ = {isa = PBXFileReference; fileEncoding = 4; lastKnownFileType = sourcecode.c.h; path = FDDictionaryObjectTransformerAdapter.h; sourceTree = "<group>"; };
		27F72EE41B35357900C0D9CE /* FDDictionaryObjectTransformerAdapter.m */ = {isa = PBXFileReference; fileEncoding = 4; lastKnownFileType = sourcecode.c.objc; path = FDDictionaryObjectTransformerAdapter.m; sourceTree = "<group>"; };
/* End PBXFileReference section */

/* Begin PBXFrameworksBuildPhase section */
		27ACFCF51B1EC42D004B8142 /* Frameworks */ = {
			isa = PBXFrameworksBuildPhase;
			buildActionMask = 2147483647;
			files = (
			);
			runOnlyForDeploymentPostprocessing = 0;
		};
		27ACFD011B1EC42D004B8142 /* Frameworks */ = {
			isa = PBXFrameworksBuildPhase;
			buildActionMask = 2147483647;
			files = (
				27ACFD051B1EC42D004B8142 /* FDObjectTransformer.framework in Frameworks */,
			);
			runOnlyForDeploymentPostprocessing = 0;
		};
		27ACFD161B1EC474004B8142 /* Frameworks */ = {
			isa = PBXFrameworksBuildPhase;
			buildActionMask = 2147483647;
			files = (
			);
			runOnlyForDeploymentPostprocessing = 0;
		};
		27ACFD211B1EC474004B8142 /* Frameworks */ = {
			isa = PBXFrameworksBuildPhase;
			buildActionMask = 2147483647;
			files = (
				27ACFD251B1EC474004B8142 /* FDObjectTransformer.framework in Frameworks */,
			);
			runOnlyForDeploymentPostprocessing = 0;
		};
/* End PBXFrameworksBuildPhase section */

/* Begin PBXGroup section */
		275E419E1B3F21D800F8F50E /* Twitch */ = {
			isa = PBXGroup;
			children = (
				275E419F1B3F21D800F8F50E /* FDTwitchChannel.h */,
				275E41A01B3F21D800F8F50E /* FDTwitchChannel.m */,
				275E41A11B3F21D800F8F50E /* FDTwitchImageURLs.h */,
				275E41A21B3F21D800F8F50E /* FDTwitchImageURLs.m */,
				275E41A31B3F21D800F8F50E /* FDTwitchObjectTransformer.h */,
				275E41A41B3F21D800F8F50E /* FDTwitchObjectTransformer.m */,
				275E41A51B3F21D800F8F50E /* FDTwitchStream.h */,
				275E41A61B3F21D800F8F50E /* FDTwitchStream.m */,
				275E41A71B3F21D800F8F50E /* FDTwitchStreamSearchResults.h */,
				275E41A81B3F21D800F8F50E /* FDTwitchStreamSearchResults.m */,
			);
			path = Twitch;
			sourceTree = "<group>";
		};
		275E41C81B3F38FA00F8F50E /* Feed */ = {
			isa = PBXGroup;
			children = (
				275E41DD1B3F3A2A00F8F50E /* FDFeedAd.h */,
				275E41DE1B3F3A2A00F8F50E /* FDFeedAd.m */,
				275E41CD1B3F39E600F8F50E /* FDFeedItem.h */,
				275E41CE1B3F39E600F8F50E /* FDFeedItem.m */,
				275E41D51B3F3A1900F8F50E /* FDFeedLink.h */,
				275E41D61B3F3A1900F8F50E /* FDFeedLink.m */,
				275E41E41B3F4C8300F8F50E /* FDFeedObjectTransformer.h */,
				275E41E51B3F4C8300F8F50E /* FDFeedObjectTransformer.m */,
				275E41C91B3F390D00F8F50E /* FDFeedPage.h */,
				275E41CA1B3F390D00F8F50E /* FDFeedPage.m */,
				275E41D11B3F3A1300F8F50E /* FDFeedPhoto.h */,
				275E41D21B3F3A1300F8F50E /* FDFeedPhoto.m */,
				275E41D91B3F3A2000F8F50E /* FDFeedStatus.h */,
				275E41DA1B3F3A2000F8F50E /* FDFeedStatus.m */,
			);
			path = Feed;
			sourceTree = "<group>";
		};
		27ACFCEF1B1EC42D004B8142 = {
			isa = PBXGroup;
			children = (
				27ACFCFB1B1EC42D004B8142 /* FDObjectTransformer Framework */,
				27ACFD081B1EC42D004B8142 /* FDObjectTransformer Tests */,
				27ACFCFA1B1EC42D004B8142 /* Products */,
			);
			sourceTree = "<group>";
			usesTabs = 1;
		};
		27ACFCFA1B1EC42D004B8142 /* Products */ = {
			isa = PBXGroup;
			children = (
				27ACFCF91B1EC42D004B8142 /* FDObjectTransformer.framework */,
				27ACFD041B1EC42D004B8142 /* FDObjectTransformer iOS Tests.xctest */,
				27ACFD1A1B1EC474004B8142 /* FDObjectTransformer.framework */,
				27ACFD241B1EC474004B8142 /* FDObjectTransformer OS X Tests.xctest */,
			);
			name = Products;
			sourceTree = "<group>";
		};
		27ACFCFB1B1EC42D004B8142 /* FDObjectTransformer Framework */ = {
			isa = PBXGroup;
			children = (
				27ACFD331B1EC956004B8142 /* FDObjectTransformer */,
				27ACFD3A1B1ECA0A004B8142 /* iOS Supporting Files */,
				27ACFD3E1B1ECA17004B8142 /* OS X Supporting Files */,
			);
			name = "FDObjectTransformer Framework";
			sourceTree = "<group>";
		};
		27ACFD081B1EC42D004B8142 /* FDObjectTransformer Tests */ = {
			isa = PBXGroup;
			children = (
				27D00F281B250C48000FCA05 /* Classes */,
				27D00F491B25142D000FCA05 /* Resources */,
				27ACFD091B1EC42D004B8142 /* Supporting Files */,
			);
			path = "FDObjectTransformer Tests";
			sourceTree = "<group>";
		};
		27ACFD091B1EC42D004B8142 /* Supporting Files */ = {
			isa = PBXGroup;
			children = (
				27ACFD0A1B1EC42D004B8142 /* Info.plist */,
			);
			path = "Supporting Files";
			sourceTree = "<group>";
		};
		27ACFD331B1EC956004B8142 /* FDObjectTransformer */ = {
			isa = PBXGroup;
			children = (
				27F72E8F1B2CDEEA00C0D9CE /* Dependencies */,
				27ACFD341B1EC9FC004B8142 /* FDObjectTransformer.h */,
				27ACFD351B1EC9FC004B8142 /* FDObjectTransformer.m */,
				27F72EDD1B35222600C0D9CE /* FDJSONObject.h */,
				27F72EDE1B35222600C0D9CE /* FDJSONObject.m */,
				27E4230A1B36020D00B15B5B /* FDEnumTransformer.h */,
				27E4230B1B36020D00B15B5B /* FDEnumTransformer.m */,
				27F72E931B2D073A00C0D9CE /* FDObjectTransformerAdapter.h */,
				27F72EE31B35357900C0D9CE /* FDDictionaryObjectTransformerAdapter.h */,
				27F72EE41B35357900C0D9CE /* FDDictionaryObjectTransformerAdapter.m */,
				27F72EC01B2D37C900C0D9CE /* FDJSONObjectTransformerAdapter.h */,
				27F72EC11B2D37C900C0D9CE /* FDJSONObjectTransformerAdapter.m */,
			);
			name = FDObjectTransformer;
			path = ../FDObjectTransformer;
			sourceTree = "<group>";
		};
		27ACFD3A1B1ECA0A004B8142 /* iOS Supporting Files */ = {
			isa = PBXGroup;
			children = (
				27ACFD3B1B1ECA0A004B8142 /* Info.plist */,
			);
			path = "iOS Supporting Files";
			sourceTree = SOURCE_ROOT;
		};
		27ACFD3E1B1ECA17004B8142 /* OS X Supporting Files */ = {
			isa = PBXGroup;
			children = (
				27ACFD3F1B1ECA17004B8142 /* Info.plist */,
			);
			path = "OS X Supporting Files";
			sourceTree = "<group>";
		};
		27D00F281B250C48000FCA05 /* Classes */ = {
			isa = PBXGroup;
			children = (
				275E41C81B3F38FA00F8F50E /* Feed */,
				275E419E1B3F21D800F8F50E /* Twitch */,
				27D00F2C1B250C48000FCA05 /* Models */,
				27F72E901B2CDF0300C0D9CE /* Dependencies */,
				27D00F2B1B250C48000FCA05 /* FDObjectTransformerTests.m */,
				27F72E951B2D228800C0D9CE /* FDURLComponentsTransformerAdapter.h */,
				27F72E961B2D228800C0D9CE /* FDURLComponentsTransformerAdapter.m */,
			);
			path = Classes;
			sourceTree = "<group>";
		};
		27D00F2C1B250C48000FCA05 /* Models */ = {
			isa = PBXGroup;
			children = (
				27D00F2D1B250C48000FCA05 /* FDDeclaredPropertyTestModel.h */,
				27D00F2E1B250C48000FCA05 /* FDDeclaredPropertyTestModel.m */,
				27D00F2F1B250C48000FCA05 /* FDDeclaredPropertyTestModelSubclass.h */,
				27D00F301B250C48000FCA05 /* FDDeclaredPropertyTestModelSubclass.m */,
				27D00F321B250C48000FCA05 /* FDRandomModel.h */,
				27D00F331B250C48000FCA05 /* FDRandomModel.m */,
				27D00F451B251412000FCA05 /* FDRandomJSONModel.h */,
				27D00F461B251412000FCA05 /* FDRandomJSONModel.m */,
				27E423211B36164F00B15B5B /* FDPlayer.h */,
				27E423221B36164F00B15B5B /* FDPlayer.m */,
				27E423251B36165E00B15B5B /* FDHockeyPlayer.h */,
				27E423261B36165E00B15B5B /* FDHockeyPlayer.m */,
				27E423291B36166A00B15B5B /* FDSoccerPlayer.h */,
				27E4232A1B36166A00B15B5B /* FDSoccerPlayer.m */,
			);
			path = Models;
			sourceTree = "<group>";
		};
		27D00F491B25142D000FCA05 /* Resources */ = {
			isa = PBXGroup;
			children = (
				275E41E11B3F3DA400F8F50E /* feed.json */,
				27D00F4A1B25142D000FCA05 /* random.json */,
				27F72EAC1B2D30FA00C0D9CE /* twitch_stream_search_results.json */,
			);
			path = Resources;
			sourceTree = "<group>";
		};
		27F72E8F1B2CDEEA00C0D9CE /* Dependencies */ = {
			isa = PBXGroup;
			children = (
				27D00ECB1B228D4C000FCA05 /* FDColor+Creation.h */,
				27D00ECC1B228D4C000FCA05 /* FDColor+Creation.m */,
				27D00EE91B22B2FA000FCA05 /* FDDeclaredProperty.h */,
				27D00EEA1B22B2FA000FCA05 /* FDDeclaredProperty.m */,
				27D00F0F1B23B476000FCA05 /* FDKeypath.h */,
				27D00EF31B22C02A000FCA05 /* FDThreadSafeMutableDictionary.h */,
				27D00EF41B22C02A000FCA05 /* FDThreadSafeMutableDictionary.m */,
				27F72ECF1B3514D700C0D9CE /* FDValueTransformer.h */,
				27F72ED01B3514D700C0D9CE /* FDValueTransformer.m */,
				27D00EEF1B22BFA6000FCA05 /* NSObject+DeclaredProperty.h */,
				27D00EF01B22BFA6000FCA05 /* NSObject+DeclaredProperty.m */,
			);
			path = Dependencies;
			sourceTree = "<group>";
		};
		27F72E901B2CDF0300C0D9CE /* Dependencies */ = {
			isa = PBXGroup;
			children = (
				27D00F291B250C48000FCA05 /* FDColorCreationTests.m */,
				27D00F421B250CD4000FCA05 /* FDDeclaredPropertyTests.m */,
				27D00F2A1B250C48000FCA05 /* FDKeypathTests.m */,
			);
			path = Dependencies;
			sourceTree = "<group>";
		};
/* End PBXGroup section */

/* Begin PBXHeadersBuildPhase section */
		27ACFCF61B1EC42D004B8142 /* Headers */ = {
			isa = PBXHeadersBuildPhase;
			buildActionMask = 2147483647;
			files = (
				27E423271B36165E00B15B5B /* FDHockeyPlayer.h in Headers */,
				27F72EDF1B35222600C0D9CE /* FDJSONObject.h in Headers */,
				27E423231B36164F00B15B5B /* FDPlayer.h in Headers */,
				27F72E971B2D228800C0D9CE /* FDURLComponentsTransformerAdapter.h in Headers */,
				27F72EC41B2D385000C0D9CE /* FDJSONObjectTransformerAdapter.h in Headers */,
				27F72EE51B35357900C0D9CE /* FDDictionaryObjectTransformerAdapter.h in Headers */,
				27F72ED11B3514D700C0D9CE /* FDValueTransformer.h in Headers */,
				27E4230C1B36020D00B15B5B /* FDEnumTransformer.h in Headers */,
				27F72E941B2D073A00C0D9CE /* FDObjectTransformerAdapter.h in Headers */,
				27ACFD361B1EC9FC004B8142 /* FDObjectTransformer.h in Headers */,
				27D00EF51B22C02A000FCA05 /* FDThreadSafeMutableDictionary.h in Headers */,
				27D00EF11B22BFA6000FCA05 /* NSObject+DeclaredProperty.h in Headers */,
				27E4232B1B36166A00B15B5B /* FDSoccerPlayer.h in Headers */,
				27D00ECD1B228D4C000FCA05 /* FDColor+Creation.h in Headers */,
				27D00EEB1B22B2FA000FCA05 /* FDDeclaredProperty.h in Headers */,
				27D00F101B23B476000FCA05 /* FDKeypath.h in Headers */,
			);
			runOnlyForDeploymentPostprocessing = 0;
		};
		27ACFD171B1EC474004B8142 /* Headers */ = {
			isa = PBXHeadersBuildPhase;
			buildActionMask = 2147483647;
			files = (
				27ACFD371B1EC9FC004B8142 /* FDObjectTransformer.h in Headers */,
				27F72EE01B35222600C0D9CE /* FDJSONObject.h in Headers */,
				27F72EC51B2D385000C0D9CE /* FDJSONObjectTransformerAdapter.h in Headers */,
				27D00EFE1B23B193000FCA05 /* NSObject+DeclaredProperty.h in Headers */,
				27D00EE61B22A873000FCA05 /* FDColor+Creation.h in Headers */,
				27F72ED21B3514D700C0D9CE /* FDValueTransformer.h in Headers */,
				27D00EFF1B23B197000FCA05 /* FDDeclaredProperty.h in Headers */,
				27E4230E1B360C8200B15B5B /* FDEnumTransformer.h in Headers */,
				27D00EFD1B23B18E000FCA05 /* FDThreadSafeMutableDictionary.h in Headers */,
				27D00F111B23B476000FCA05 /* FDKeypath.h in Headers */,
				27E423081B353A8D00B15B5B /* FDObjectTransformerAdapter.h in Headers */,
				27F72EE61B35357900C0D9CE /* FDDictionaryObjectTransformerAdapter.h in Headers */,
			);
			runOnlyForDeploymentPostprocessing = 0;
		};
/* End PBXHeadersBuildPhase section */

/* Begin PBXNativeTarget section */
		27ACFCF81B1EC42D004B8142 /* FDObjectTransformer iOS */ = {
			isa = PBXNativeTarget;
			buildConfigurationList = 27ACFD0F1B1EC42D004B8142 /* Build configuration list for PBXNativeTarget "FDObjectTransformer iOS" */;
			buildPhases = (
				27ACFCF41B1EC42D004B8142 /* Sources */,
				27ACFCF51B1EC42D004B8142 /* Frameworks */,
				27ACFCF61B1EC42D004B8142 /* Headers */,
				27ACFCF71B1EC42D004B8142 /* Resources */,
			);
			buildRules = (
			);
			dependencies = (
			);
			name = "FDObjectTransformer iOS";
			productName = FDObjectTransformer;
			productReference = 27ACFCF91B1EC42D004B8142 /* FDObjectTransformer.framework */;
			productType = "com.apple.product-type.framework";
		};
		27ACFD031B1EC42D004B8142 /* FDObjectTransformer iOS Tests */ = {
			isa = PBXNativeTarget;
			buildConfigurationList = 27ACFD121B1EC42D004B8142 /* Build configuration list for PBXNativeTarget "FDObjectTransformer iOS Tests" */;
			buildPhases = (
				27ACFD001B1EC42D004B8142 /* Sources */,
				27ACFD011B1EC42D004B8142 /* Frameworks */,
				27ACFD021B1EC42D004B8142 /* Resources */,
			);
			buildRules = (
			);
			dependencies = (
				27ACFD071B1EC42D004B8142 /* PBXTargetDependency */,
			);
			name = "FDObjectTransformer iOS Tests";
			productName = FDObjectTransformerTests;
			productReference = 27ACFD041B1EC42D004B8142 /* FDObjectTransformer iOS Tests.xctest */;
			productType = "com.apple.product-type.bundle.unit-test";
		};
		27ACFD191B1EC474004B8142 /* FDObjectTransformer OS X */ = {
			isa = PBXNativeTarget;
			buildConfigurationList = 27ACFD2D1B1EC474004B8142 /* Build configuration list for PBXNativeTarget "FDObjectTransformer OS X" */;
			buildPhases = (
				27ACFD151B1EC474004B8142 /* Sources */,
				27ACFD161B1EC474004B8142 /* Frameworks */,
				27ACFD171B1EC474004B8142 /* Headers */,
				27ACFD181B1EC474004B8142 /* Resources */,
			);
			buildRules = (
			);
			dependencies = (
			);
			name = "FDObjectTransformer OS X";
			productName = FDObjectTransformer;
			productReference = 27ACFD1A1B1EC474004B8142 /* FDObjectTransformer.framework */;
			productType = "com.apple.product-type.framework";
		};
		27ACFD231B1EC474004B8142 /* FDObjectTransformer OS X Tests */ = {
			isa = PBXNativeTarget;
			buildConfigurationList = 27ACFD301B1EC474004B8142 /* Build configuration list for PBXNativeTarget "FDObjectTransformer OS X Tests" */;
			buildPhases = (
				27ACFD201B1EC474004B8142 /* Sources */,
				27ACFD211B1EC474004B8142 /* Frameworks */,
				27ACFD221B1EC474004B8142 /* Resources */,
			);
			buildRules = (
			);
			dependencies = (
				27ACFD271B1EC474004B8142 /* PBXTargetDependency */,
			);
			name = "FDObjectTransformer OS X Tests";
			productName = FDObjectTransformerTests;
			productReference = 27ACFD241B1EC474004B8142 /* FDObjectTransformer OS X Tests.xctest */;
			productType = "com.apple.product-type.bundle.unit-test";
		};
/* End PBXNativeTarget section */

/* Begin PBXProject section */
		27ACFCF01B1EC42D004B8142 /* Project object */ = {
			isa = PBXProject;
			attributes = {
				LastUpgradeCheck = 0630;
				ORGANIZATIONNAME = "1414 Degrees";
				TargetAttributes = {
					27ACFCF81B1EC42D004B8142 = {
						CreatedOnToolsVersion = 6.3.1;
					};
					27ACFD031B1EC42D004B8142 = {
						CreatedOnToolsVersion = 6.3.1;
					};
					27ACFD191B1EC474004B8142 = {
						CreatedOnToolsVersion = 6.3.1;
					};
					27ACFD231B1EC474004B8142 = {
						CreatedOnToolsVersion = 6.3.1;
					};
				};
			};
			buildConfigurationList = 27ACFCF31B1EC42D004B8142 /* Build configuration list for PBXProject "FDObjectTransformer" */;
			compatibilityVersion = "Xcode 3.2";
			developmentRegion = English;
			hasScannedForEncodings = 0;
			knownRegions = (
				en,
			);
			mainGroup = 27ACFCEF1B1EC42D004B8142;
			productRefGroup = 27ACFCFA1B1EC42D004B8142 /* Products */;
			projectDirPath = "";
			projectRoot = "";
			targets = (
				27ACFCF81B1EC42D004B8142 /* FDObjectTransformer iOS */,
				27ACFD191B1EC474004B8142 /* FDObjectTransformer OS X */,
				27ACFD031B1EC42D004B8142 /* FDObjectTransformer iOS Tests */,
				27ACFD231B1EC474004B8142 /* FDObjectTransformer OS X Tests */,
			);
		};
/* End PBXProject section */

/* Begin PBXResourcesBuildPhase section */
		27ACFCF71B1EC42D004B8142 /* Resources */ = {
			isa = PBXResourcesBuildPhase;
			buildActionMask = 2147483647;
			files = (
			);
			runOnlyForDeploymentPostprocessing = 0;
		};
		27ACFD021B1EC42D004B8142 /* Resources */ = {
			isa = PBXResourcesBuildPhase;
			buildActionMask = 2147483647;
			files = (
				275E41E21B3F3DA400F8F50E /* feed.json in Resources */,
				27F72EAD1B2D30FA00C0D9CE /* twitch_stream_search_results.json in Resources */,
				27D00F4B1B25142D000FCA05 /* random.json in Resources */,
			);
			runOnlyForDeploymentPostprocessing = 0;
		};
		27ACFD181B1EC474004B8142 /* Resources */ = {
			isa = PBXResourcesBuildPhase;
			buildActionMask = 2147483647;
			files = (
			);
			runOnlyForDeploymentPostprocessing = 0;
		};
		27ACFD221B1EC474004B8142 /* Resources */ = {
			isa = PBXResourcesBuildPhase;
			buildActionMask = 2147483647;
			files = (
				275E41E31B3F3DA400F8F50E /* feed.json in Resources */,
				27F72EAE1B2D30FA00C0D9CE /* twitch_stream_search_results.json in Resources */,
				27D00F4C1B25142D000FCA05 /* random.json in Resources */,
			);
			runOnlyForDeploymentPostprocessing = 0;
		};
/* End PBXResourcesBuildPhase section */

/* Begin PBXSourcesBuildPhase section */
		27ACFCF41B1EC42D004B8142 /* Sources */ = {
			isa = PBXSourcesBuildPhase;
			buildActionMask = 2147483647;
			files = (
				27D00EEC1B22B2FA000FCA05 /* FDDeclaredProperty.m in Sources */,
				27F72ED31B3514D700C0D9CE /* FDValueTransformer.m in Sources */,
				27F72E981B2D228800C0D9CE /* FDURLComponentsTransformerAdapter.m in Sources */,
				27D00EF61B22C02A000FCA05 /* FDThreadSafeMutableDictionary.m in Sources */,
				27F72EE71B35357900C0D9CE /* FDDictionaryObjectTransformerAdapter.m in Sources */,
				27E4232C1B36166A00B15B5B /* FDSoccerPlayer.m in Sources */,
				27D00ECE1B228D4C000FCA05 /* FDColor+Creation.m in Sources */,
				27F72EC71B2D385600C0D9CE /* FDJSONObjectTransformerAdapter.m in Sources */,
				27D00EF21B22BFA6000FCA05 /* NSObject+DeclaredProperty.m in Sources */,
				27E423241B36164F00B15B5B /* FDPlayer.m in Sources */,
				27E4230D1B36020D00B15B5B /* FDEnumTransformer.m in Sources */,
				27ACFD381B1EC9FC004B8142 /* FDObjectTransformer.m in Sources */,
				27F72EE11B35222600C0D9CE /* FDJSONObject.m in Sources */,
				27E423281B36165E00B15B5B /* FDHockeyPlayer.m in Sources */,
			);
			runOnlyForDeploymentPostprocessing = 0;
		};
		27ACFD001B1EC42D004B8142 /* Sources */ = {
			isa = PBXSourcesBuildPhase;
			buildActionMask = 2147483647;
			files = (
				275E41D31B3F3A1300F8F50E /* FDFeedPhoto.m in Sources */,
				275E41CF1B3F39E600F8F50E /* FDFeedItem.m in Sources */,
				275E41AF1B3F21D800F8F50E /* FDTwitchStream.m in Sources */,
				27D00F431B250CD4000FCA05 /* FDDeclaredPropertyTests.m in Sources */,
				275E41E61B3F4C8300F8F50E /* FDFeedObjectTransformer.m in Sources */,
				275E41DF1B3F3A2A00F8F50E /* FDFeedAd.m in Sources */,
				27D00F3C1B250C48000FCA05 /* FDDeclaredPropertyTestModelSubclass.m in Sources */,
				27D00F3A1B250C48000FCA05 /* FDDeclaredPropertyTestModel.m in Sources */,
				275E41CB1B3F390D00F8F50E /* FDFeedPage.m in Sources */,
				275E41D71B3F3A1900F8F50E /* FDFeedLink.m in Sources */,
				27D00F381B250C48000FCA05 /* FDObjectTransformerTests.m in Sources */,
				275E41B11B3F21D800F8F50E /* FDTwitchStreamSearchResults.m in Sources */,
				27D00F471B251412000FCA05 /* FDRandomJSONModel.m in Sources */,
				27D00F401B250C48000FCA05 /* FDRandomModel.m in Sources */,
				275E41AD1B3F21D800F8F50E /* FDTwitchObjectTransformer.m in Sources */,
				275E41AB1B3F21D800F8F50E /* FDTwitchImageURLs.m in Sources */,
				275E41A91B3F21D800F8F50E /* FDTwitchChannel.m in Sources */,
				27D00F361B250C48000FCA05 /* FDKeypathTests.m in Sources */,
				27D00F341B250C48000FCA05 /* FDColorCreationTests.m in Sources */,
				275E41DB1B3F3A2000F8F50E /* FDFeedStatus.m in Sources */,
			);
			runOnlyForDeploymentPostprocessing = 0;
		};
		27ACFD151B1EC474004B8142 /* Sources */ = {
			isa = PBXSourcesBuildPhase;
			buildActionMask = 2147483647;
			files = (
				27F72ED41B3514D700C0D9CE /* FDValueTransformer.m in Sources */,
				27D00F001B23B199000FCA05 /* FDDeclaredProperty.m in Sources */,
				27D00EE71B22A878000FCA05 /* FDColor+Creation.m in Sources */,
				27F72EC81B2D385700C0D9CE /* FDJSONObjectTransformerAdapter.m in Sources */,
				27F72EE81B35357900C0D9CE /* FDDictionaryObjectTransformerAdapter.m in Sources */,
				27F72EE21B35222600C0D9CE /* FDJSONObject.m in Sources */,
				27F72E921B2CDF6E00C0D9CE /* NSObject+DeclaredProperty.m in Sources */,
				27ACFD391B1EC9FC004B8142 /* FDObjectTransformer.m in Sources */,
				27F72E911B2CDF6800C0D9CE /* FDThreadSafeMutableDictionary.m in Sources */,
			);
			runOnlyForDeploymentPostprocessing = 0;
		};
		27ACFD201B1EC474004B8142 /* Sources */ = {
			isa = PBXSourcesBuildPhase;
			buildActionMask = 2147483647;
			files = (
				275E41B01B3F21D800F8F50E /* FDTwitchStream.m in Sources */,
				27D00F441B250CD4000FCA05 /* FDDeclaredPropertyTests.m in Sources */,
				27D00F3D1B250C48000FCA05 /* FDDeclaredPropertyTestModelSubclass.m in Sources */,
				275E41D81B3F3A1900F8F50E /* FDFeedLink.m in Sources */,
				27D00F3B1B250C48000FCA05 /* FDDeclaredPropertyTestModel.m in Sources */,
				275E41B21B3F21D800F8F50E /* FDTwitchStreamSearchResults.m in Sources */,
				27D00F481B251412000FCA05 /* FDRandomJSONModel.m in Sources */,
				275E41D41B3F3A1300F8F50E /* FDFeedPhoto.m in Sources */,
				275E41E01B3F3A2A00F8F50E /* FDFeedAd.m in Sources */,
				27D00F411B250C48000FCA05 /* FDRandomModel.m in Sources */,
				275E41AE1B3F21D800F8F50E /* FDTwitchObjectTransformer.m in Sources */,
				275E41E71B3F4C8300F8F50E /* FDFeedObjectTransformer.m in Sources */,
				275E41CC1B3F390D00F8F50E /* FDFeedPage.m in Sources */,
				275E41AC1B3F21D800F8F50E /* FDTwitchImageURLs.m in Sources */,
				275E41DC1B3F3A2000F8F50E /* FDFeedStatus.m in Sources */,
				275E41D01B3F39E600F8F50E /* FDFeedItem.m in Sources */,
				275E41AA1B3F21D800F8F50E /* FDTwitchChannel.m in Sources */,
				27D00F371B250C48000FCA05 /* FDKeypathTests.m in Sources */,
				27D00F351B250C48000FCA05 /* FDColorCreationTests.m in Sources */,
			);
			runOnlyForDeploymentPostprocessing = 0;
		};
/* End PBXSourcesBuildPhase section */

/* Begin PBXTargetDependency section */
		27ACFD071B1EC42D004B8142 /* PBXTargetDependency */ = {
			isa = PBXTargetDependency;
			target = 27ACFCF81B1EC42D004B8142 /* FDObjectTransformer iOS */;
			targetProxy = 27ACFD061B1EC42D004B8142 /* PBXContainerItemProxy */;
		};
		27ACFD271B1EC474004B8142 /* PBXTargetDependency */ = {
			isa = PBXTargetDependency;
			target = 27ACFD191B1EC474004B8142 /* FDObjectTransformer OS X */;
			targetProxy = 27ACFD261B1EC474004B8142 /* PBXContainerItemProxy */;
		};
/* End PBXTargetDependency section */

/* Begin XCBuildConfiguration section */
		27ACFD0D1B1EC42D004B8142 /* Debug */ = {
			isa = XCBuildConfiguration;
			buildSettings = {
				ALWAYS_SEARCH_USER_PATHS = NO;
				CLANG_CXX_LANGUAGE_STANDARD = "gnu++0x";
				CLANG_CXX_LIBRARY = "libc++";
				CLANG_ENABLE_MODULES = YES;
				CLANG_ENABLE_OBJC_ARC = YES;
				CLANG_WARN_BOOL_CONVERSION = YES;
				CLANG_WARN_CONSTANT_CONVERSION = YES;
				CLANG_WARN_DIRECT_OBJC_ISA_USAGE = YES_ERROR;
				CLANG_WARN_EMPTY_BODY = YES;
				CLANG_WARN_ENUM_CONVERSION = YES;
				CLANG_WARN_INT_CONVERSION = YES;
				CLANG_WARN_OBJC_ROOT_CLASS = YES_ERROR;
				CLANG_WARN_UNREACHABLE_CODE = YES;
				CLANG_WARN__DUPLICATE_METHOD_MATCH = YES;
				COPY_PHASE_STRIP = NO;
				ENABLE_STRICT_OBJC_MSGSEND = YES;
				GCC_C_LANGUAGE_STANDARD = gnu99;
				GCC_DYNAMIC_NO_PIC = NO;
				GCC_NO_COMMON_BLOCKS = YES;
				GCC_OPTIMIZATION_LEVEL = 0;
				GCC_PREPROCESSOR_DEFINITIONS = DEBUG;
				GCC_SYMBOLS_PRIVATE_EXTERN = NO;
				GCC_WARN_64_TO_32_BIT_CONVERSION = YES;
				GCC_WARN_ABOUT_RETURN_TYPE = YES_ERROR;
				GCC_WARN_UNDECLARED_SELECTOR = YES;
				GCC_WARN_UNINITIALIZED_AUTOS = YES_AGGRESSIVE;
				GCC_WARN_UNUSED_FUNCTION = YES;
				GCC_WARN_UNUSED_VARIABLE = YES;
				ONLY_ACTIVE_ARCH = YES;
				PRODUCT_NAME = FDObjectTransformer;
				SDKROOT = iphoneos;
			};
			name = Debug;
		};
		27ACFD0E1B1EC42D004B8142 /* Release */ = {
			isa = XCBuildConfiguration;
			buildSettings = {
				ALWAYS_SEARCH_USER_PATHS = NO;
				CLANG_CXX_LANGUAGE_STANDARD = "gnu++0x";
				CLANG_CXX_LIBRARY = "libc++";
				CLANG_ENABLE_MODULES = YES;
				CLANG_ENABLE_OBJC_ARC = YES;
				CLANG_WARN_BOOL_CONVERSION = YES;
				CLANG_WARN_CONSTANT_CONVERSION = YES;
				CLANG_WARN_DIRECT_OBJC_ISA_USAGE = YES_ERROR;
				CLANG_WARN_EMPTY_BODY = YES;
				CLANG_WARN_ENUM_CONVERSION = YES;
				CLANG_WARN_INT_CONVERSION = YES;
				CLANG_WARN_OBJC_ROOT_CLASS = YES_ERROR;
				CLANG_WARN_UNREACHABLE_CODE = YES;
				CLANG_WARN__DUPLICATE_METHOD_MATCH = YES;
				COPY_PHASE_STRIP = YES;
				ENABLE_NS_ASSERTIONS = NO;
				ENABLE_STRICT_OBJC_MSGSEND = YES;
				GCC_C_LANGUAGE_STANDARD = gnu99;
				GCC_NO_COMMON_BLOCKS = YES;
				GCC_WARN_64_TO_32_BIT_CONVERSION = YES;
				GCC_WARN_ABOUT_RETURN_TYPE = YES_ERROR;
				GCC_WARN_UNDECLARED_SELECTOR = YES;
				GCC_WARN_UNINITIALIZED_AUTOS = YES_AGGRESSIVE;
				GCC_WARN_UNUSED_FUNCTION = YES;
				GCC_WARN_UNUSED_VARIABLE = YES;
				PRODUCT_NAME = FDObjectTransformer;
				SDKROOT = iphoneos;
				VALIDATE_PRODUCT = YES;
			};
			name = Release;
		};
		27ACFD101B1EC42D004B8142 /* Debug */ = {
			isa = XCBuildConfiguration;
			buildSettings = {
				"CODE_SIGN_IDENTITY[sdk=iphoneos*]" = "iPhone Developer";
				CURRENT_PROJECT_VERSION = 1;
				DEFINES_MODULE = YES;
				DYLIB_COMPATIBILITY_VERSION = 1;
				DYLIB_CURRENT_VERSION = 1;
				DYLIB_INSTALL_NAME_BASE = "@rpath";
				INFOPLIST_FILE = "iOS Supporting Files/Info.plist";
				IPHONEOS_DEPLOYMENT_TARGET = 8.0;
				LD_RUNPATH_SEARCH_PATHS = "$(inherited) @executable_path/Frameworks @loader_path/Frameworks";
				SKIP_INSTALL = YES;
				TARGETED_DEVICE_FAMILY = "1,2";
				VERSIONING_SYSTEM = "apple-generic";
				VERSION_INFO_PREFIX = "";
			};
			name = Debug;
		};
		27ACFD111B1EC42D004B8142 /* Release */ = {
			isa = XCBuildConfiguration;
			buildSettings = {
				"CODE_SIGN_IDENTITY[sdk=iphoneos*]" = "iPhone Distribution";
				CURRENT_PROJECT_VERSION = 1;
				DEFINES_MODULE = YES;
				DYLIB_COMPATIBILITY_VERSION = 1;
				DYLIB_CURRENT_VERSION = 1;
				DYLIB_INSTALL_NAME_BASE = "@rpath";
				INFOPLIST_FILE = "iOS Supporting Files/Info.plist";
				IPHONEOS_DEPLOYMENT_TARGET = 8.0;
				LD_RUNPATH_SEARCH_PATHS = "$(inherited) @executable_path/Frameworks @loader_path/Frameworks";
				SKIP_INSTALL = YES;
				TARGETED_DEVICE_FAMILY = "1,2";
				VERSIONING_SYSTEM = "apple-generic";
				VERSION_INFO_PREFIX = "";
			};
			name = Release;
		};
		27ACFD131B1EC42D004B8142 /* Debug */ = {
			isa = XCBuildConfiguration;
			buildSettings = {
				FRAMEWORK_SEARCH_PATHS = (
					"$(SDKROOT)/Developer/Library/Frameworks",
					"$(inherited)",
				);
				INFOPLIST_FILE = "FDObjectTransformer Tests/Supporting Files/Info.plist";
				IPHONEOS_DEPLOYMENT_TARGET = 8.0;
				LD_RUNPATH_SEARCH_PATHS = "$(inherited) @executable_path/Frameworks @loader_path/Frameworks";
				PRODUCT_NAME = "$(TARGET_NAME)";
			};
			name = Debug;
		};
		27ACFD141B1EC42D004B8142 /* Release */ = {
			isa = XCBuildConfiguration;
			buildSettings = {
				FRAMEWORK_SEARCH_PATHS = (
					"$(SDKROOT)/Developer/Library/Frameworks",
					"$(inherited)",
				);
				INFOPLIST_FILE = "FDObjectTransformer Tests/Supporting Files/Info.plist";
				IPHONEOS_DEPLOYMENT_TARGET = 8.0;
				LD_RUNPATH_SEARCH_PATHS = "$(inherited) @executable_path/Frameworks @loader_path/Frameworks";
				PRODUCT_NAME = "$(TARGET_NAME)";
			};
			name = Release;
		};
		27ACFD2E1B1EC474004B8142 /* Debug */ = {
			isa = XCBuildConfiguration;
			buildSettings = {
				COMBINE_HIDPI_IMAGES = YES;
				CURRENT_PROJECT_VERSION = 1;
				DEFINES_MODULE = YES;
				DYLIB_COMPATIBILITY_VERSION = 1;
				DYLIB_CURRENT_VERSION = 1;
				DYLIB_INSTALL_NAME_BASE = "@rpath";
				FRAMEWORK_VERSION = A;
				INFOPLIST_FILE = "OS X Supporting Files/Info.plist";
				LD_RUNPATH_SEARCH_PATHS = "$(inherited) @executable_path/../Frameworks @loader_path/Frameworks";
				MACOSX_DEPLOYMENT_TARGET = 10.10;
				SDKROOT = macosx;
				SKIP_INSTALL = YES;
				VERSIONING_SYSTEM = "apple-generic";
				VERSION_INFO_PREFIX = "";
			};
			name = Debug;
		};
		27ACFD2F1B1EC474004B8142 /* Release */ = {
			isa = XCBuildConfiguration;
			buildSettings = {
				COMBINE_HIDPI_IMAGES = YES;
				CURRENT_PROJECT_VERSION = 1;
				DEBUG_INFORMATION_FORMAT = "dwarf-with-dsym";
				DEFINES_MODULE = YES;
				DYLIB_COMPATIBILITY_VERSION = 1;
				DYLIB_CURRENT_VERSION = 1;
				DYLIB_INSTALL_NAME_BASE = "@rpath";
				FRAMEWORK_VERSION = A;
				INFOPLIST_FILE = "OS X Supporting Files/Info.plist";
				LD_RUNPATH_SEARCH_PATHS = "$(inherited) @executable_path/../Frameworks @loader_path/Frameworks";
				MACOSX_DEPLOYMENT_TARGET = 10.10;
				SDKROOT = macosx;
				SKIP_INSTALL = YES;
				VERSIONING_SYSTEM = "apple-generic";
				VERSION_INFO_PREFIX = "";
			};
			name = Release;
		};
		27ACFD311B1EC474004B8142 /* Debug */ = {
			isa = XCBuildConfiguration;
			buildSettings = {
				COMBINE_HIDPI_IMAGES = YES;
				FRAMEWORK_SEARCH_PATHS = (
					"$(DEVELOPER_FRAMEWORKS_DIR)",
					"$(inherited)",
				);
				INFOPLIST_FILE = "FDObjectTransformer Tests/Supporting Files/Info.plist";
				LD_RUNPATH_SEARCH_PATHS = "$(inherited) @executable_path/../Frameworks @loader_path/../Frameworks";
				MACOSX_DEPLOYMENT_TARGET = 10.10;
				PRODUCT_NAME = "$(TARGET_NAME)";
				SDKROOT = macosx;
			};
			name = Debug;
		};
		27ACFD321B1EC474004B8142 /* Release */ = {
			isa = XCBuildConfiguration;
			buildSettings = {
				COMBINE_HIDPI_IMAGES = YES;
				DEBUG_INFORMATION_FORMAT = "dwarf-with-dsym";
				FRAMEWORK_SEARCH_PATHS = (
					"$(DEVELOPER_FRAMEWORKS_DIR)",
					"$(inherited)",
				);
				INFOPLIST_FILE = "FDObjectTransformer Tests/Supporting Files/Info.plist";
				LD_RUNPATH_SEARCH_PATHS = "$(inherited) @executable_path/../Frameworks @loader_path/../Frameworks";
				MACOSX_DEPLOYMENT_TARGET = 10.10;
				PRODUCT_NAME = "$(TARGET_NAME)";
				SDKROOT = macosx;
			};
			name = Release;
		};
/* End XCBuildConfiguration section */

/* Begin XCConfigurationList section */
		27ACFCF31B1EC42D004B8142 /* Build configuration list for PBXProject "FDObjectTransformer" */ = {
			isa = XCConfigurationList;
			buildConfigurations = (
				27ACFD0D1B1EC42D004B8142 /* Debug */,
				27ACFD0E1B1EC42D004B8142 /* Release */,
			);
			defaultConfigurationIsVisible = 0;
			defaultConfigurationName = Release;
		};
		27ACFD0F1B1EC42D004B8142 /* Build configuration list for PBXNativeTarget "FDObjectTransformer iOS" */ = {
			isa = XCConfigurationList;
			buildConfigurations = (
				27ACFD101B1EC42D004B8142 /* Debug */,
				27ACFD111B1EC42D004B8142 /* Release */,
			);
			defaultConfigurationIsVisible = 0;
			defaultConfigurationName = Release;
		};
		27ACFD121B1EC42D004B8142 /* Build configuration list for PBXNativeTarget "FDObjectTransformer iOS Tests" */ = {
			isa = XCConfigurationList;
			buildConfigurations = (
				27ACFD131B1EC42D004B8142 /* Debug */,
				27ACFD141B1EC42D004B8142 /* Release */,
			);
			defaultConfigurationIsVisible = 0;
			defaultConfigurationName = Release;
		};
		27ACFD2D1B1EC474004B8142 /* Build configuration list for PBXNativeTarget "FDObjectTransformer OS X" */ = {
			isa = XCConfigurationList;
			buildConfigurations = (
				27ACFD2E1B1EC474004B8142 /* Debug */,
				27ACFD2F1B1EC474004B8142 /* Release */,
			);
			defaultConfigurationIsVisible = 0;
			defaultConfigurationName = Release;
		};
		27ACFD301B1EC474004B8142 /* Build configuration list for PBXNativeTarget "FDObjectTransformer OS X Tests" */ = {
			isa = XCConfigurationList;
			buildConfigurations = (
				27ACFD311B1EC474004B8142 /* Debug */,
				27ACFD321B1EC474004B8142 /* Release */,
			);
			defaultConfigurationIsVisible = 0;
			defaultConfigurationName = Release;
		};
/* End XCConfigurationList section */
	};
	rootObject = 27ACFCF01B1EC42D004B8142 /* Project object */;
}
